
Microsoft Visual Studio Solution File, Format Version 12.00
# Visual Studio 14
VisualStudioVersion = 14.0.25420.1
MinimumVisualStudioVersion = 10.0.40219.1
Project("{FAE04EC0-301F-11D3-BF4B-00C04F79EFBC}") = "AdmiralRoom", "AdmiralRoom\AdmiralRoom.csproj", "{501AD96A-9AAE-4232-98E6-1ED41067C1FB}"
EndProject
Project("{2150E333-8FDC-42A3-9474-1A3956D46DE8}") = "Modules", "Modules", "{430ECE0C-AFBA-47EB-98DD-3F2D0186AF4D}"
EndProject
Project("{FAE04EC0-301F-11D3-BF4B-00C04F79EFBC}") = "Akashi", "Modules\Akashi\Akashi.csproj", "{F0245DDE-EF28-4E72-8493-E1FCAF380E8B}"
EndProject
Project("{FAE04EC0-301F-11D3-BF4B-00C04F79EFBC}") = "MasterDataViewer", "Modules\MasterDataViewer\MasterDataViewer.csproj", "{BCCF344F-69B8-443C-9173-0DC640735871}"
EndProject
Project("{FAE04EC0-301F-11D3-BF4B-00C04F79EFBC}") = "Ranking", "Modules\Ranking\Ranking.csproj", "{0394F232-C474-4F4F-9F0C-9865C92902DA}"
EndProject
Project("{FAE04EC0-301F-11D3-BF4B-00C04F79EFBC}") = "RawApiViewer", "Modules\RawApiViewer\RawApiViewer.csproj", "{57FA364A-4801-406C-909A-D1AEAC7AFA2C}"
EndProject
Global
	GlobalSection(SolutionConfigurationPlatforms) = preSolution
		Debug|Any CPU = Debug|Any CPU
		Release|Any CPU = Release|Any CPU
	EndGlobalSection
	GlobalSection(ProjectConfigurationPlatforms) = postSolution
		{501AD96A-9AAE-4232-98E6-1ED41067C1FB}.Debug|Any CPU.ActiveCfg = Debug|Any CPU
		{501AD96A-9AAE-4232-98E6-1ED41067C1FB}.Debug|Any CPU.Build.0 = Debug|Any CPU
		{501AD96A-9AAE-4232-98E6-1ED41067C1FB}.Release|Any CPU.ActiveCfg = Release|Any CPU
		{501AD96A-9AAE-4232-98E6-1ED41067C1FB}.Release|Any CPU.Build.0 = Release|Any CPU
		{F0245DDE-EF28-4E72-8493-E1FCAF380E8B}.Debug|Any CPU.ActiveCfg = Debug|Any CPU
		{F0245DDE-EF28-4E72-8493-E1FCAF380E8B}.Debug|Any CPU.Build.0 = Debug|Any CPU
		{F0245DDE-EF28-4E72-8493-E1FCAF380E8B}.Release|Any CPU.ActiveCfg = Release|Any CPU
		{F0245DDE-EF28-4E72-8493-E1FCAF380E8B}.Release|Any CPU.Build.0 = Release|Any CPU
		{BCCF344F-69B8-443C-9173-0DC640735871}.Debug|Any CPU.ActiveCfg = Debug|Any CPU
		{BCCF344F-69B8-443C-9173-0DC640735871}.Debug|Any CPU.Build.0 = Debug|Any CPU
		{BCCF344F-69B8-443C-9173-0DC640735871}.Release|Any CPU.ActiveCfg = Release|Any CPU
		{BCCF344F-69B8-443C-9173-0DC640735871}.Release|Any CPU.Build.0 = Release|Any CPU
		{0394F232-C474-4F4F-9F0C-9865C92902DA}.Debug|Any CPU.ActiveCfg = Debug|Any CPU
		{0394F232-C474-4F4F-9F0C-9865C92902DA}.Debug|Any CPU.Build.0 = Debug|Any CPU
		{0394F232-C474-4F4F-9F0C-9865C92902DA}.Release|Any CPU.ActiveCfg = Release|Any CPU
		{0394F232-C474-4F4F-9F0C-9865C92902DA}.Release|Any CPU.Build.0 = Release|Any CPU
		{57FA364A-4801-406C-909A-D1AEAC7AFA2C}.Debug|Any CPU.ActiveCfg = Debug|Any CPU
		{57FA364A-4801-406C-909A-D1AEAC7AFA2C}.Debug|Any CPU.Build.0 = Debug|Any CPU
		{57FA364A-4801-406C-909A-D1AEAC7AFA2C}.Release|Any CPU.ActiveCfg = Release|Any CPU
		{57FA364A-4801-406C-909A-D1AEAC7AFA2C}.Release|Any CPU.Build.0 = Release|Any CPU
	EndGlobalSection
	GlobalSection(SolutionProperties) = preSolution
		HideSolutionNode = FALSE
	EndGlobalSection
	GlobalSection(NestedProjects) = preSolution
		{F0245DDE-EF28-4E72-8493-E1FCAF380E8B} = {430ECE0C-AFBA-47EB-98DD-3F2D0186AF4D}
		{BCCF344F-69B8-443C-9173-0DC640735871} = {430ECE0C-AFBA-47EB-98DD-3F2D0186AF4D}
		{0394F232-C474-4F4F-9F0C-9865C92902DA} = {430ECE0C-AFBA-47EB-98DD-3F2D0186AF4D}
		{57FA364A-4801-406C-909A-D1AEAC7AFA2C} = {430ECE0C-AFBA-47EB-98DD-3F2D0186AF4D}
	EndGlobalSection
	GlobalSection(ExtensibilityGlobals) = postSolution
		RESX_SortFileContentOnSave = True
		RESX_ResXSortingComparison = InvariantCulture
	EndGlobalSection
EndGlobal
